
Microsoft Visual Studio Solution File, Format Version 12.00
# Visual Studio Version 16
VisualStudioVersion = 16.0.30128.74
MinimumVisualStudioVersion = 10.0.40219.1
Project("{FAE04EC0-301F-11D3-BF4B-00C04F79EFBC}") = "sql刪除", "sql刪除\sql刪除.csproj", "{889C6C85-152C-4174-9A38-F0C0FE626202}"
EndProject
Global
	GlobalSection(SolutionConfigurationPlatforms) = preSolution
		Debug|Any CPU = Debug|Any CPU
		Release|Any CPU = Release|Any CPU
	EndGlobalSection
	GlobalSection(ProjectConfigurationPlatforms) = postSolution
		{889C6C85-152C-4174-9A38-F0C0FE626202}.Debug|Any CPU.ActiveCfg = Debug|Any CPU
		{889C6C85-152C-4174-9A38-F0C0FE626202}.Debug|Any CPU.Build.0 = Debug|Any CPU
		{889C6C85-152C-4174-9A38-F0C0FE626202}.Release|Any CPU.ActiveCfg = Release|Any CPU
		{889C6C85-152C-4174-9A38-F0C0FE626202}.Release|Any CPU.Build.0 = Release|Any CPU
	EndGlobalSection
	GlobalSection(SolutionProperties) = preSolution
		HideSolutionNode = FALSE
	EndGlobalSection
	GlobalSection(ExtensibilityGlobals) = postSolution
		SolutionGuid = {92137BE1-8B8B-4019-B8AB-C11DEBD9EC3F}
	EndGlobalSection
EndGlobal
